{
    "_readme": [
        "This file locks the dependencies of your project to a known state",
        "Read more about it at https://getcomposer.org/doc/01-basic-usage.md#composer-lock-the-lock-file",
        "This file is @generated automatically"
    ],
    "hash": "7f7252fd59699ff3339a61716305c7cf",
    "content-hash": "14532e367d727b42a940bff05cf929fc",
    "packages": [
        {
            "name": "exfriend/artisan-mutex",
            "version": "1.0.1",
            "source": {
                "type": "git",
                "url": "https://github.com/exfriend/artisan-mutex.git",
                "reference": "84d8df8210f26d861cca064aaa1b7249f2843671"
            },
            "dist": {
                "type": "zip",
                "url": "https://api.github.com/repos/exfriend/artisan-mutex/zipball/84d8df8210f26d861cca064aaa1b7249f2843671",
                "reference": "84d8df8210f26d861cca064aaa1b7249f2843671",
                "shasum": ""
            },
            "type": "library",
            "autoload": {
                "psr-4": {
                    "Exfriend\\ArtisanMutex\\": "src/"
                }
            },
            "notification-url": "https://packagist.org/downloads/",
            "license": [
                "MIT"
            ],
            "authors": [
                {
                    "name": "Vladislav Otchenashev",
                    "email": "i@zlad.tk"
                }
            ],
            "description": "Prevent ANY overlapping for Laravel Artisan commands.",
            "time": "2016-08-25 03:36:55"
        }
    ],
    "packages-dev": [],
    "aliases": [],
    "minimum-stability": "stable",
    "stability-flags": [],
    "prefer-stable": false,
    "prefer-lowest": false,
    "platform": [],
    "platform-dev": []
}
